// !$*UTF8*$!
{
	archiveVersion = 1;
	classes = {
	};
	objectVersion = 50;
	objects = {

/* Begin PBXBuildFile section */
		CC60AA00229FE96B007AD325 /* AppDelegate.swift in Sources */ = {isa = PBXBuildFile; fileRef = CC60A9FF229FE96B007AD325 /* AppDelegate.swift */; };
		CC60AA05229FE96B007AD325 /* Main.storyboard in Resources */ = {isa = PBXBuildFile; fileRef = CC60AA03229FE96B007AD325 /* Main.storyboard */; };
		CC60AA08229FE96B007AD325 /* Memo.xcdatamodeld in Sources */ = {isa = PBXBuildFile; fileRef = CC60AA06229FE96B007AD325 /* Memo.xcdatamodeld */; };
		CC60AA0A229FE96C007AD325 /* Assets.xcassets in Resources */ = {isa = PBXBuildFile; fileRef = CC60AA09229FE96C007AD325 /* Assets.xcassets */; };
		CC60AA0D229FE96C007AD325 /* LaunchScreen.storyboard in Resources */ = {isa = PBXBuildFile; fileRef = CC60AA0B229FE96C007AD325 /* LaunchScreen.storyboard */; };
		CC7DD63122A0C8C700F1BE66 /* MemoListVC.swift in Sources */ = {isa = PBXBuildFile; fileRef = CC7DD63022A0C8C700F1BE66 /* MemoListVC.swift */; };
		CC7DD63322A0C92A00F1BE66 /* MemoFormVC.swift in Sources */ = {isa = PBXBuildFile; fileRef = CC7DD63222A0C92A00F1BE66 /* MemoFormVC.swift */; };
		CC7DD63522A0C94500F1BE66 /* MemoReadVC.swift in Sources */ = {isa = PBXBuildFile; fileRef = CC7DD63422A0C94500F1BE66 /* MemoReadVC.swift */; };
		CC7DD63722A0EF4A00F1BE66 /* MemoData.swift in Sources */ = {isa = PBXBuildFile; fileRef = CC7DD63622A0EF4A00F1BE66 /* MemoData.swift */; };
		CC7DD63922A1252100F1BE66 /* MemoCell.swift in Sources */ = {isa = PBXBuildFile; fileRef = CC7DD63822A1252100F1BE66 /* MemoCell.swift */; };
/* End PBXBuildFile section */

/* Begin PBXFileReference section */
		CC60A9FC229FE96B007AD325 /* Memo.app */ = {isa = PBXFileReference; explicitFileType = wrapper.application; includeInIndex = 0; path = Memo.app; sourceTree = BUILT_PRODUCTS_DIR; };
		CC60A9FF229FE96B007AD325 /* AppDelegate.swift */ = {isa = PBXFileReference; lastKnownFileType = sourcecode.swift; path = AppDelegate.swift; sourceTree = "<group>"; };
		CC60AA04229FE96B007AD325 /* Base */ = {isa = PBXFileReference; lastKnownFileType = file.storyboard; name = Base; path = Base.lproj/Main.storyboard; sourceTree = "<group>"; };
		CC60AA07229FE96B007AD325 /* Memo.xcdatamodel */ = {isa = PBXFileReference; lastKnownFileType = wrapper.xcdatamodel; path = Memo.xcdatamodel; sourceTree = "<group>"; };
		CC60AA09229FE96C007AD325 /* Assets.xcassets */ = {isa = PBXFileReference; lastKnownFileType = folder.assetcatalog; path = Assets.xcassets; sourceTree = "<group>"; };
		CC60AA0C229FE96C007AD325 /* Base */ = {isa = PBXFileReference; lastKnownFileType = file.storyboard; name = Base; path = Base.lproj/LaunchScreen.storyboard; sourceTree = "<group>"; };
		CC60AA0E229FE96C007AD325 /* Info.plist */ = {isa = PBXFileReference; lastKnownFileType = text.plist.xml; path = Info.plist; sourceTree = "<group>"; };
		CC7DD63022A0C8C700F1BE66 /* MemoListVC.swift */ = {isa = PBXFileReference; lastKnownFileType = sourcecode.swift; path = MemoListVC.swift; sourceTree = "<group>"; };
		CC7DD63222A0C92A00F1BE66 /* MemoFormVC.swift */ = {isa = PBXFileReference; lastKnownFileType = sourcecode.swift; path = MemoFormVC.swift; sourceTree = "<group>"; };
		CC7DD63422A0C94500F1BE66 /* MemoReadVC.swift */ = {isa = PBXFileReference; lastKnownFileType = sourcecode.swift; path = MemoReadVC.swift; sourceTree = "<group>"; };
		CC7DD63622A0EF4A00F1BE66 /* MemoData.swift */ = {isa = PBXFileReference; lastKnownFileType = sourcecode.swift; path = MemoData.swift; sourceTree = "<group>"; };
		CC7DD63822A1252100F1BE66 /* MemoCell.swift */ = {isa = PBXFileReference; lastKnownFileType = sourcecode.swift; path = MemoCell.swift; sourceTree = "<group>"; };
/* End PBXFileReference section */

/* Begin PBXFrameworksBuildPhase section */
		CC60A9F9229FE96B007AD325 /* Frameworks */ = {
			isa = PBXFrameworksBuildPhase;
			buildActionMask = 2147483647;
			files = (
			);
			runOnlyForDeploymentPostprocessing = 0;
		};
/* End PBXFrameworksBuildPhase section */

/* Begin PBXGroup section */
		CC60A9F3229FE96B007AD325 = {
			isa = PBXGroup;
			children = (
				CC60A9FE229FE96B007AD325 /* Memo */,
				CC60A9FD229FE96B007AD325 /* Products */,
			);
			sourceTree = "<group>";
		};
		CC60A9FD229FE96B007AD325 /* Products */ = {
			isa = PBXGroup;
			children = (
				CC60A9FC229FE96B007AD325 /* Memo.app */,
			);
			name = Products;
			sourceTree = "<group>";
		};
		CC60A9FE229FE96B007AD325 /* Memo */ = {
			isa = PBXGroup;
			children = (
				CC60A9FF229FE96B007AD325 /* AppDelegate.swift */,
				CC7DD63822A1252100F1BE66 /* MemoCell.swift */,
				CC60AA03229FE96B007AD325 /* Main.storyboard */,
				CC7DD63622A0EF4A00F1BE66 /* MemoData.swift */,
				CC60AA09229FE96C007AD325 /* Assets.xcassets */,
				CC60AA0B229FE96C007AD325 /* LaunchScreen.storyboard */,
				CC60AA0E229FE96C007AD325 /* Info.plist */,
				CC60AA06229FE96B007AD325 /* Memo.xcdatamodeld */,
				CC7DD63022A0C8C700F1BE66 /* MemoListVC.swift */,
				CC7DD63222A0C92A00F1BE66 /* MemoFormVC.swift */,
				CC7DD63422A0C94500F1BE66 /* MemoReadVC.swift */,
			);
			path = Memo;
			sourceTree = "<group>";
		};
/* End PBXGroup section */

/* Begin PBXNativeTarget section */
		CC60A9FB229FE96B007AD325 /* Memo */ = {
			isa = PBXNativeTarget;
			buildConfigurationList = CC60AA11229FE96C007AD325 /* Build configuration list for PBXNativeTarget "Memo" */;
			buildPhases = (
				CC60A9F8229FE96B007AD325 /* Sources */,
				CC60A9F9229FE96B007AD325 /* Frameworks */,
				CC60A9FA229FE96B007AD325 /* Resources */,
			);
			buildRules = (
			);
			dependencies = (
			);
			name = Memo;
			productName = Memo;
			productReference = CC60A9FC229FE96B007AD325 /* Memo.app */;
			productType = "com.apple.product-type.application";
		};
/* End PBXNativeTarget section */

/* Begin PBXProject section */
		CC60A9F4229FE96B007AD325 /* Project object */ = {
			isa = PBXProject;
			attributes = {
				LastSwiftUpdateCheck = 1020;
				LastUpgradeCheck = 1020;
				ORGANIZATIONNAME = Yongwan;
				TargetAttributes = {
					CC60A9FB229FE96B007AD325 = {
						CreatedOnToolsVersion = 10.2.1;
					};
				};
			};
			buildConfigurationList = CC60A9F7229FE96B007AD325 /* Build configuration list for PBXProject "Memo" */;
			compatibilityVersion = "Xcode 9.3";
			developmentRegion = en;
			hasScannedForEncodings = 0;
			knownRegions = (
				en,
				Base,
			);
			mainGroup = CC60A9F3229FE96B007AD325;
			productRefGroup = CC60A9FD229FE96B007AD325 /* Products */;
			projectDirPath = "";
			projectRoot = "";
			targets = (
				CC60A9FB229FE96B007AD325 /* Memo */,
			);
		};
/* End PBXProject section */

/* Begin PBXResourcesBuildPhase section */
		CC60A9FA229FE96B007AD325 /* Resources */ = {
			isa = PBXResourcesBuildPhase;
			buildActionMask = 2147483647;
			files = (
				CC60AA0D229FE96C007AD325 /* LaunchScreen.storyboard in Resources */,
				CC60AA0A229FE96C007AD325 /* Assets.xcassets in Resources */,
				CC60AA05229FE96B007AD325 /* Main.storyboard in Resources */,
			);
			runOnlyForDeploymentPostprocessing = 0;
		};
/* End PBXResourcesBuildPhase section */

/* Begin PBXSourcesBuildPhase section */
		CC60A9F8229FE96B007AD325 /* Sources */ = {
			isa = PBXSourcesBuildPhase;
			buildActionMask = 2147483647;
			files = (
				CC7DD63922A1252100F1BE66 /* MemoCell.swift in Sources */,
				CC7DD63122A0C8C700F1BE66 /* MemoListVC.swift in Sources */,
				CC7DD63522A0C94500F1BE66 /* MemoReadVC.swift in Sources */,
				CC60AA08229FE96B007AD325 /* Memo.xcdatamodeld in Sources */,
				CC7DD63722A0EF4A00F1BE66 /* MemoData.swift in Sources */,
				CC7DD63322A0C92A00F1BE66 /* MemoFormVC.swift in Sources */,
				CC60AA00229FE96B007AD325 /* AppDelegate.swift in Sources */,
			);
			runOnlyForDeploymentPostprocessing = 0;
		};
/* End PBXSourcesBuildPhase section */

/* Begin PBXVariantGroup section */
		CC60AA03229FE96B007AD325 /* Main.storyboard */ = {
			isa = PBXVariantGroup;
			children = (
				CC60AA04229FE96B007AD325 /* Base */,
			);
			name = Main.storyboard;
			sourceTree = "<group>";
		};
		CC60AA0B229FE96C007AD325 /* LaunchScreen.storyboard */ = {
			isa = PBXVariantGroup;
			children = (
				CC60AA0C229FE96C007AD325 /* Base */,
			);
			name = LaunchScreen.storyboard;
			sourceTree = "<group>";
		};
/* End PBXVariantGroup section */

/* Begin XCBuildConfiguration section */
		CC60AA0F229FE96C007AD325 /* Debug */ = {
			isa = XCBuildConfiguration;
			buildSettings = {
				ALWAYS_SEARCH_USER_PATHS = NO;
				CLANG_ANALYZER_NONNULL = YES;
				CLANG_ANALYZER_NUMBER_OBJECT_CONVERSION = YES_AGGRESSIVE;
				CLANG_CXX_LANGUAGE_STANDARD = "gnu++14";
				CLANG_CXX_LIBRARY = "libc++";
				CLANG_ENABLE_MODULES = YES;
				CLANG_ENABLE_OBJC_ARC = YES;
				CLANG_ENABLE_OBJC_WEAK = YES;
				CLANG_WARN_BLOCK_CAPTURE_AUTORELEASING = YES;
				CLANG_WARN_BOOL_CONVERSION = YES;
				CLANG_WARN_COMMA = YES;
				CLANG_WARN_CONSTANT_CONVERSION = YES;
				CLANG_WARN_DEPRECATED_OBJC_IMPLEMENTATIONS = YES;
				CLANG_WARN_DIRECT_OBJC_ISA_USAGE = YES_ERROR;
				CLANG_WARN_DOCUMENTATION_COMMENTS = YES;
				CLANG_WARN_EMPTY_BODY = YES;
				CLANG_WARN_ENUM_CONVERSION = YES;
				CLANG_WARN_INFINITE_RECURSION = YES;
				CLANG_WARN_INT_CONVERSION = YES;
				CLANG_WARN_NON_LITERAL_NULL_CONVERSION = YES;
				CLANG_WARN_OBJC_IMPLICIT_RETAIN_SELF = YES;
				CLANG_WARN_OBJC_LITERAL_CONVERSION = YES;
				CLANG_WARN_OBJC_ROOT_CLASS = YES_ERROR;
				CLANG_WARN_RANGE_LOOP_ANALYSIS = YES;
				CLANG_WARN_STRICT_PROTOTYPES = YES;
				CLANG_WARN_SUSPICIOUS_MOVE = YES;
				CLANG_WARN_UNGUARDED_AVAILABILITY = YES_AGGRESSIVE;
				CLANG_WARN_UNREACHABLE_CODE = YES;
				CLANG_WARN__DUPLICATE_METHOD_MATCH = YES;
				CODE_SIGN_IDENTITY = "iPhone Developer";
				COPY_PHASE_STRIP = NO;
				DEBUG_INFORMATION_FORMAT = dwarf;
				ENABLE_STRICT_OBJC_MSGSEND = YES;
				ENABLE_TESTABILITY = YES;
				GCC_C_LANGUAGE_STANDARD = gnu11;
				GCC_DYNAMIC_NO_PIC = NO;
				GCC_NO_COMMON_BLOCKS = YES;
				GCC_OPTIMIZATION_LEVEL = 0;
				GCC_PREPROCESSOR_DEFINITIONS = (
					"DEBUG=1",
					"$(inherited)",
				);
				GCC_WARN_64_TO_32_BIT_CONVERSION = YES;
				GCC_WARN_ABOUT_RETURN_TYPE = YES_ERROR;
				GCC_WARN_UNDECLARED_SELECTOR = YES;
				GCC_WARN_UNINITIALIZED_AUTOS = YES_AGGRESSIVE;
				GCC_WARN_UNUSED_FUNCTION = YES;
				GCC_WARN_UNUSED_VARIABLE = YES;
				IPHONEOS_DEPLOYMENT_TARGET = 12.2;
				MTL_ENABLE_DEBUG_INFO = INCLUDE_SOURCE;
				MTL_FAST_MATH = YES;
				ONLY_ACTIVE_ARCH = YES;
				SDKROOT = iphoneos;
				SWIFT_ACTIVE_COMPILATION_CONDITIONS = DEBUG;
				SWIFT_OPTIMIZATION_LEVEL = "-Onone";
			};
			name = Debug;
		};
		CC60AA10229FE96C007AD325 /* Release */ = {
			isa = XCBuildConfiguration;
			buildSettings = {
				ALWAYS_SEARCH_USER_PATHS = NO;
				CLANG_ANALYZER_NONNULL = YES;
				CLANG_ANALYZER_NUMBER_OBJECT_CONVERSION = YES_AGGRESSIVE;
				CLANG_CXX_LANGUAGE_STANDARD = "gnu++14";
				CLANG_CXX_LIBRARY = "libc++";
				CLANG_ENABLE_MODULES = YES;
				CLANG_ENABLE_OBJC_ARC = YES;
				CLANG_ENABLE_OBJC_WEAK = YES;
				CLANG_WARN_BLOCK_CAPTURE_AUTORELEASING = YES;
				CLANG_WARN_BOOL_CONVERSION = YES;
				CLANG_WARN_COMMA = YES;
				CLANG_WARN_CONSTANT_CONVERSION = YES;
				CLANG_WARN_DEPRECATED_OBJC_IMPLEMENTATIONS = YES;
				CLANG_WARN_DIRECT_OBJC_ISA_USAGE = YES_ERROR;
				CLANG_WARN_DOCUMENTATION_COMMENTS = YES;
				CLANG_WARN_EMPTY_BODY = YES;
				CLANG_WARN_ENUM_CONVERSION = YES;
				CLANG_WARN_INFINITE_RECURSION = YES;
				CLANG_WARN_INT_CONVERSION = YES;
				CLANG_WARN_NON_LITERAL_NULL_CONVERSION = YES;
				CLANG_WARN_OBJC_IMPLICIT_RETAIN_SELF = YES;
				CLANG_WARN_OBJC_LITERAL_CONVERSION = YES;
				CLANG_WARN_OBJC_ROOT_CLASS = YES_ERROR;
				CLANG_WARN_RANGE_LOOP_ANALYSIS = YES;
				CLANG_WARN_STRICT_PROTOTYPES = YES;
				CLANG_WARN_SUSPICIOUS_MOVE = YES;
				CLANG_WARN_UNGUARDED_AVAILABILITY = YES_AGGRESSIVE;
				CLANG_WARN_UNREACHABLE_CODE = YES;
				CLANG_WARN__DUPLICATE_METHOD_MATCH = YES;
				CODE_SIGN_IDENTITY = "iPhone Developer";
				COPY_PHASE_STRIP = NO;
				DEBUG_INFORMATION_FORMAT = "dwarf-with-dsym";
				ENABLE_NS_ASSERTIONS = NO;
				ENABLE_STRICT_OBJC_MSGSEND = YES;
				GCC_C_LANGUAGE_STANDARD = gnu11;
				GCC_NO_COMMON_BLOCKS = YES;
				GCC_WARN_64_TO_32_BIT_CONVERSION = YES;
				GCC_WARN_ABOUT_RETURN_TYPE = YES_ERROR;
				GCC_WARN_UNDECLARED_SELECTOR = YES;
				GCC_WARN_UNINITIALIZED_AUTOS = YES_AGGRESSIVE;
				GCC_WARN_UNUSED_FUNCTION = YES;
				GCC_WARN_UNUSED_VARIABLE = YES;
				IPHONEOS_DEPLOYMENT_TARGET = 12.2;
				MTL_ENABLE_DEBUG_INFO = NO;
				MTL_FAST_MATH = YES;
				SDKROOT = iphoneos;
				SWIFT_COMPILATION_MODE = wholemodule;
				SWIFT_OPTIMIZATION_LEVEL = "-O";
				VALIDATE_PRODUCT = YES;
			};
			name = Release;
		};
		CC60AA12229FE96C007AD325 /* Debug */ = {
			isa = XCBuildConfiguration;
			buildSettings = {
				ASSETCATALOG_COMPILER_APPICON_NAME = AppIcon;
				CODE_SIGN_STYLE = Automatic;
				INFOPLIST_FILE = Memo/Info.plist;
				LD_RUNPATH_SEARCH_PATHS = (
					"$(inherited)",
					"@executable_path/Frameworks",
				);
				PRODUCT_BUNDLE_IDENTIFIER = net.wan.Memo;
				PRODUCT_NAME = "$(TARGET_NAME)";
				SWIFT_VERSION = 5.0;
				TARGETED_DEVICE_FAMILY = "1,2";
			};
			name = Debug;
		};
		CC60AA13229FE96C007AD325 /* Release */ = {
			isa = XCBuildConfiguration;
			buildSettings = {
				ASSETCATALOG_COMPILER_APPICON_NAME = AppIcon;
				CODE_SIGN_STYLE = Automatic;
				INFOPLIST_FILE = Memo/Info.plist;
				LD_RUNPATH_SEARCH_PATHS = (
					"$(inherited)",
					"@executable_path/Frameworks",
				);
				PRODUCT_BUNDLE_IDENTIFIER = net.wan.Memo;
				PRODUCT_NAME = "$(TARGET_NAME)";
				SWIFT_VERSION = 5.0;
				TARGETED_DEVICE_FAMILY = "1,2";
			};
			name = Release;
		};
/* End XCBuildConfiguration section */

/* Begin XCConfigurationList section */
		CC60A9F7229FE96B007AD325 /* Build configuration list for PBXProject "Memo" */ = {
			isa = XCConfigurationList;
			buildConfigurations = (
				CC60AA0F229FE96C007AD325 /* Debug */,
				CC60AA10229FE96C007AD325 /* Release */,
			);
			defaultConfigurationIsVisible = 0;
			defaultConfigurationName = Release;
		};
		CC60AA11229FE96C007AD325 /* Build configuration list for PBXNativeTarget "Memo" */ = {
			isa = XCConfigurationList;
			buildConfigurations = (
				CC60AA12229FE96C007AD325 /* Debug */,
				CC60AA13229FE96C007AD325 /* Release */,
			);
			defaultConfigurationIsVisible = 0;
			defaultConfigurationName = Release;
		};
/* End XCConfigurationList section */

/* Begin XCVersionGroup section */
		CC60AA06229FE96B007AD325 /* Memo.xcdatamodeld */ = {
			isa = XCVersionGroup;
			children = (
				CC60AA07229FE96B007AD325 /* Memo.xcdatamodel */,
			);
			currentVersion = CC60AA07229FE96B007AD325 /* Memo.xcdatamodel */;
			path = Memo.xcdatamodeld;
			sourceTree = "<group>";
			versionGroupType = wrapper.xcdatamodel;
		};
/* End XCVersionGroup section */
	};
	rootObject = CC60A9F4229FE96B007AD325 /* Project object */;
}
